
Microsoft Visual Studio Solution File, Format Version 11.00
# Visual Studio 2010
Project("{FAE04EC0-301F-11D3-BF4B-00C04F79EFBC}") = "NET35", "NET35\NET35.csproj", "{5ECEF916-6F8D-4941-86B7-935B64FA7086}"
EndProject
Global
	GlobalSection(SolutionConfigurationPlatforms) = preSolution
		CodeAnalysis|Any CPU = CodeAnalysis|Any CPU
		Debug|Any CPU = Debug|Any CPU
		Release|Any CPU = Release|Any CPU
	EndGlobalSection
	GlobalSection(ProjectConfigurationPlatforms) = postSolution
		{5ECEF916-6F8D-4941-86B7-935B64FA7086}.CodeAnalysis|Any CPU.ActiveCfg = CodeAnalysis|Any CPU
		{5ECEF916-6F8D-4941-86B7-935B64FA7086}.CodeAnalysis|Any CPU.Build.0 = CodeAnalysis|Any CPU
		{5ECEF916-6F8D-4941-86B7-935B64FA7086}.Debug|Any CPU.ActiveCfg = Debug|Any CPU
		{5ECEF916-6F8D-4941-86B7-935B64FA7086}.Debug|Any CPU.Build.0 = Debug|Any CPU
		{5ECEF916-6F8D-4941-86B7-935B64FA7086}.Release|Any CPU.ActiveCfg = Release|Any CPU
		{5ECEF916-6F8D-4941-86B7-935B64FA7086}.Release|Any CPU.Build.0 = Release|Any CPU
	EndGlobalSection
	GlobalSection(SolutionProperties) = preSolution
		HideSolutionNode = FALSE
	EndGlobalSection
EndGlobal
