
Microsoft Visual Studio Solution File, Format Version 11.00
# Visual Studio 2010
Project("{FAE04EC0-301F-11D3-BF4B-00C04F79EFBC}") = "NET40", "NET40\NET40.csproj", "{49606DD0-82E2-4DB7-AC3F-0EF9C30278AB}"
EndProject
Global
	GlobalSection(SolutionConfigurationPlatforms) = preSolution
		CodeAnalysis|Any CPU = CodeAnalysis|Any CPU
		Debug|Any CPU = Debug|Any CPU
		Release|Any CPU = Release|Any CPU
	EndGlobalSection
	GlobalSection(ProjectConfigurationPlatforms) = postSolution
		{49606DD0-82E2-4DB7-AC3F-0EF9C30278AB}.CodeAnalysis|Any CPU.ActiveCfg = CodeAnalysis|Any CPU
		{49606DD0-82E2-4DB7-AC3F-0EF9C30278AB}.CodeAnalysis|Any CPU.Build.0 = CodeAnalysis|Any CPU
		{49606DD0-82E2-4DB7-AC3F-0EF9C30278AB}.Debug|Any CPU.ActiveCfg = Debug|Any CPU
		{49606DD0-82E2-4DB7-AC3F-0EF9C30278AB}.Debug|Any CPU.Build.0 = Debug|Any CPU
		{49606DD0-82E2-4DB7-AC3F-0EF9C30278AB}.Release|Any CPU.ActiveCfg = Release|Any CPU
		{49606DD0-82E2-4DB7-AC3F-0EF9C30278AB}.Release|Any CPU.Build.0 = Release|Any CPU
	EndGlobalSection
	GlobalSection(SolutionProperties) = preSolution
		HideSolutionNode = FALSE
	EndGlobalSection
EndGlobal
