
Microsoft Visual Studio Solution File, Format Version 11.00
# Visual Studio 2010
Project("{FAE04EC0-301F-11D3-BF4B-00C04F79EFBC}") = "NET40", "NET40\NET40.csproj", "{BAF9BE1A-7B26-4C69-915E-F578E7E6973D}"
EndProject
Global
	GlobalSection(SolutionConfigurationPlatforms) = preSolution
		CodeAnalysis|Any CPU = CodeAnalysis|Any CPU
		Debug|Any CPU = Debug|Any CPU
		Release|Any CPU = Release|Any CPU
	EndGlobalSection
	GlobalSection(ProjectConfigurationPlatforms) = postSolution
		{BAF9BE1A-7B26-4C69-915E-F578E7E6973D}.CodeAnalysis|Any CPU.ActiveCfg = CodeAnalysis|Any CPU
		{BAF9BE1A-7B26-4C69-915E-F578E7E6973D}.CodeAnalysis|Any CPU.Build.0 = CodeAnalysis|Any CPU
		{BAF9BE1A-7B26-4C69-915E-F578E7E6973D}.Debug|Any CPU.ActiveCfg = Debug|Any CPU
		{BAF9BE1A-7B26-4C69-915E-F578E7E6973D}.Debug|Any CPU.Build.0 = Debug|Any CPU
		{BAF9BE1A-7B26-4C69-915E-F578E7E6973D}.Release|Any CPU.ActiveCfg = Release|Any CPU
		{BAF9BE1A-7B26-4C69-915E-F578E7E6973D}.Release|Any CPU.Build.0 = Release|Any CPU
	EndGlobalSection
	GlobalSection(SolutionProperties) = preSolution
		HideSolutionNode = FALSE
	EndGlobalSection
EndGlobal
